// !$*UTF8*$!
{
	archiveVersion = 1;
	classes = {
	};
	objectVersion = 46;
	objects = {

/* Begin PBXBuildFile section */
		0D0EA9B51B62C0FC0041A897 /* main.m in Sources */ = {isa = PBXBuildFile; fileRef = 0D0EA9B41B62C0FC0041A897 /* main.m */; };
		0D0EA9C51B62D9AE0041A897 /* AppDelegate.m in Sources */ = {isa = PBXBuildFile; fileRef = 0D0EA9C41B62D9AE0041A897 /* AppDelegate.m */; };
		0D0EA9C71B62D9AE0041A897 /* main.m in Sources */ = {isa = PBXBuildFile; fileRef = 0D0EA9C61B62D9AE0041A897 /* main.m */; };
		0D0EA9CC1B62D9AE0041A897 /* MainMenu.xib in Resources */ = {isa = PBXBuildFile; fileRef = 0D0EA9CA1B62D9AE0041A897 /* MainMenu.xib */; };
		0D0EA9E61B62DB0E0041A897 /* Common.m in Sources */ = {isa = PBXBuildFile; fileRef = 0D0EA9E51B62DB0E0041A897 /* Common.m */; };
		0D0EA9E71B62DB0E0041A897 /* Common.m in Sources */ = {isa = PBXBuildFile; fileRef = 0D0EA9E51B62DB0E0041A897 /* Common.m */; };
		0D189CAE1B6BE4D60082B239 /* KeychainMinderGUI.app in CopyFiles */ = {isa = PBXBuildFile; fileRef = 0D0EA9BF1B62D9AE0041A897 /* KeychainMinderGUI.app */; settings = {ATTRIBUTES = (RemoveHeadersOnCopy, ); }; };
		0D189CB11B6BE74A0082B239 /* update_authdb.py in CopyFiles */ = {isa = PBXBuildFile; fileRef = 0D189CB01B6BE7470082B239 /* update_authdb.py */; };
		0D189CB21B6BE74D0082B239 /* uninstall.sh in CopyFiles */ = {isa = PBXBuildFile; fileRef = 0D189CAF1B6BE7470082B239 /* uninstall.sh */; };
		0D19C1521B6AB19E000D5475 /* Keychain_Locked.png in Resources */ = {isa = PBXBuildFile; fileRef = 0D19C1511B6AB19E000D5475 /* Keychain_Locked.png */; };
		0D19C1541B6AB1A7000D5475 /* Keychain_Unlocked.png in Resources */ = {isa = PBXBuildFile; fileRef = 0D19C1531B6AB1A7000D5475 /* Keychain_Unlocked.png */; };
		0D19C15A1B6AB320000D5475 /* PasswordKnownView.m in Sources */ = {isa = PBXBuildFile; fileRef = 0D19C1581B6AB320000D5475 /* PasswordKnownView.m */; };
		0D19C15B1B6AB320000D5475 /* PasswordKnownView.xib in Resources */ = {isa = PBXBuildFile; fileRef = 0D19C1591B6AB320000D5475 /* PasswordKnownView.xib */; };
		0D19C15F1B6AB329000D5475 /* PasswordNotKnownView.m in Sources */ = {isa = PBXBuildFile; fileRef = 0D19C15D1B6AB329000D5475 /* PasswordNotKnownView.m */; };
		0D19C1601B6AB329000D5475 /* PasswordNotKnownView.xib in Resources */ = {isa = PBXBuildFile; fileRef = 0D19C15E1B6AB329000D5475 /* PasswordNotKnownView.xib */; };
		0D80140E1B6C0074006B8540 /* PasswordViewController.m in Sources */ = {isa = PBXBuildFile; fileRef = 0D80140D1B6C0074006B8540 /* PasswordViewController.m */; };
/* End PBXBuildFile section */

/* Begin PBXContainerItemProxy section */
		0D84C9D41B66E7B200A8F499 /* PBXContainerItemProxy */ = {
			isa = PBXContainerItemProxy;
			containerPortal = 0D0EA9A21B62BFE20041A897 /* Project object */;
			proxyType = 1;
			remoteGlobalIDString = 0D0EA9BE1B62D9AE0041A897;
			remoteInfo = KeychainMinderGUI;
		};
/* End PBXContainerItemProxy section */

/* Begin PBXCopyFilesBuildPhase section */
		0D0EA9E01B62D9CA0041A897 /* CopyFiles */ = {
			isa = PBXCopyFilesBuildPhase;
			buildActionMask = 2147483647;
			dstPath = "";
			dstSubfolderSpec = 7;
			files = (
				0D189CB21B6BE74D0082B239 /* uninstall.sh in CopyFiles */,
				0D189CB11B6BE74A0082B239 /* update_authdb.py in CopyFiles */,
				0D189CAE1B6BE4D60082B239 /* KeychainMinderGUI.app in CopyFiles */,
			);
			runOnlyForDeploymentPostprocessing = 0;
		};
/* End PBXCopyFilesBuildPhase section */

/* Begin PBXFileReference section */
		0D0EA9AA1B62BFE20041A897 /* KeychainMinder.bundle */ = {isa = PBXFileReference; explicitFileType = wrapper.cfbundle; includeInIndex = 0; path = KeychainMinder.bundle; sourceTree = BUILT_PRODUCTS_DIR; };
		0D0EA9AE1B62BFE20041A897 /* Info.plist */ = {isa = PBXFileReference; lastKnownFileType = text.plist.xml; path = Info.plist; sourceTree = "<group>"; };
		0D0EA9B41B62C0FC0041A897 /* main.m */ = {isa = PBXFileReference; fileEncoding = 4; lastKnownFileType = sourcecode.c.objc; path = main.m; sourceTree = "<group>"; };
		0D0EA9B61B62C12B0041A897 /* Foundation.framework */ = {isa = PBXFileReference; lastKnownFileType = wrapper.framework; name = Foundation.framework; path = System/Library/Frameworks/Foundation.framework; sourceTree = SDKROOT; };
		0D0EA9B81B62C12E0041A897 /* Security.framework */ = {isa = PBXFileReference; lastKnownFileType = wrapper.framework; name = Security.framework; path = System/Library/Frameworks/Security.framework; sourceTree = SDKROOT; };
		0D0EA9BF1B62D9AE0041A897 /* KeychainMinderGUI.app */ = {isa = PBXFileReference; explicitFileType = wrapper.application; includeInIndex = 0; path = KeychainMinderGUI.app; sourceTree = BUILT_PRODUCTS_DIR; };
		0D0EA9C21B62D9AE0041A897 /* Info.plist */ = {isa = PBXFileReference; lastKnownFileType = text.plist.xml; path = Info.plist; sourceTree = "<group>"; };
		0D0EA9C31B62D9AE0041A897 /* AppDelegate.h */ = {isa = PBXFileReference; lastKnownFileType = sourcecode.c.h; path = AppDelegate.h; sourceTree = "<group>"; };
		0D0EA9C41B62D9AE0041A897 /* AppDelegate.m */ = {isa = PBXFileReference; lastKnownFileType = sourcecode.c.objc; path = AppDelegate.m; sourceTree = "<group>"; };
		0D0EA9C61B62D9AE0041A897 /* main.m */ = {isa = PBXFileReference; lastKnownFileType = sourcecode.c.objc; path = main.m; sourceTree = "<group>"; };
		0D0EA9CB1B62D9AE0041A897 /* Base */ = {isa = PBXFileReference; lastKnownFileType = file.xib; name = Base; path = Base.lproj/MainMenu.xib; sourceTree = "<group>"; };
		0D0EA9E41B62DB0E0041A897 /* Common.h */ = {isa = PBXFileReference; fileEncoding = 4; lastKnownFileType = sourcecode.c.h; name = Common.h; path = Common/Common.h; sourceTree = "<group>"; };
		0D0EA9E51B62DB0E0041A897 /* Common.m */ = {isa = PBXFileReference; fileEncoding = 4; lastKnownFileType = sourcecode.c.objc; name = Common.m; path = Common/Common.m; sourceTree = "<group>"; };
		0D189CAF1B6BE7470082B239 /* uninstall.sh */ = {isa = PBXFileReference; fileEncoding = 4; lastKnownFileType = text.script.sh; path = uninstall.sh; sourceTree = "<group>"; };
		0D189CB01B6BE7470082B239 /* update_authdb.py */ = {isa = PBXFileReference; fileEncoding = 4; lastKnownFileType = text.script.python; path = update_authdb.py; sourceTree = "<group>"; };
		0D19C1511B6AB19E000D5475 /* Keychain_Locked.png */ = {isa = PBXFileReference; lastKnownFileType = image.png; path = Keychain_Locked.png; sourceTree = "<group>"; };
		0D19C1531B6AB1A7000D5475 /* Keychain_Unlocked.png */ = {isa = PBXFileReference; lastKnownFileType = image.png; path = Keychain_Unlocked.png; sourceTree = "<group>"; };
		0D19C1571B6AB320000D5475 /* PasswordKnownView.h */ = {isa = PBXFileReference; fileEncoding = 4; lastKnownFileType = sourcecode.c.h; path = PasswordKnownView.h; sourceTree = "<group>"; };
		0D19C1581B6AB320000D5475 /* PasswordKnownView.m */ = {isa = PBXFileReference; fileEncoding = 4; lastKnownFileType = sourcecode.c.objc; path = PasswordKnownView.m; sourceTree = "<group>"; };
		0D19C1591B6AB320000D5475 /* PasswordKnownView.xib */ = {isa = PBXFileReference; fileEncoding = 4; lastKnownFileType = file.xib; path = PasswordKnownView.xib; sourceTree = "<group>"; };
		0D19C15C1B6AB329000D5475 /* PasswordNotKnownView.h */ = {isa = PBXFileReference; fileEncoding = 4; lastKnownFileType = sourcecode.c.h; path = PasswordNotKnownView.h; sourceTree = "<group>"; };
		0D19C15D1B6AB329000D5475 /* PasswordNotKnownView.m */ = {isa = PBXFileReference; fileEncoding = 4; lastKnownFileType = sourcecode.c.objc; path = PasswordNotKnownView.m; sourceTree = "<group>"; };
		0D19C15E1B6AB329000D5475 /* PasswordNotKnownView.xib */ = {isa = PBXFileReference; fileEncoding = 4; lastKnownFileType = file.xib; path = PasswordNotKnownView.xib; sourceTree = "<group>"; };
		0D80140C1B6C0074006B8540 /* PasswordViewController.h */ = {isa = PBXFileReference; fileEncoding = 4; lastKnownFileType = sourcecode.c.h; path = PasswordViewController.h; sourceTree = "<group>"; };
		0D80140D1B6C0074006B8540 /* PasswordViewController.m */ = {isa = PBXFileReference; fileEncoding = 4; lastKnownFileType = sourcecode.c.objc; path = PasswordViewController.m; sourceTree = "<group>"; };
/* End PBXFileReference section */

/* Begin PBXFrameworksBuildPhase section */
		0D0EA9A71B62BFE20041A897 /* Frameworks */ = {
			isa = PBXFrameworksBuildPhase;
			buildActionMask = 2147483647;
			files = (
			);
			runOnlyForDeploymentPostprocessing = 0;
		};
		0D0EA9BC1B62D9AE0041A897 /* Frameworks */ = {
			isa = PBXFrameworksBuildPhase;
			buildActionMask = 2147483647;
			files = (
			);
			runOnlyForDeploymentPostprocessing = 0;
		};
/* End PBXFrameworksBuildPhase section */

/* Begin PBXGroup section */
		0D0EA9A11B62BFE20041A897 = {
			isa = PBXGroup;
			children = (
				0D0EA9E81B62DCFB0041A897 /* Common */,
				0D0EA9AC1B62BFE20041A897 /* Plugin */,
				0D0EA9C01B62D9AE0041A897 /* App */,
				0D0EA9BA1B62C1380041A897 /* Frameworks */,
				0D0EA9AB1B62BFE20041A897 /* Products */,
			);
			sourceTree = "<group>";
		};
		0D0EA9AB1B62BFE20041A897 /* Products */ = {
			isa = PBXGroup;
			children = (
				0D0EA9AA1B62BFE20041A897 /* KeychainMinder.bundle */,
				0D0EA9BF1B62D9AE0041A897 /* KeychainMinderGUI.app */,
			);
			name = Products;
			sourceTree = "<group>";
		};
		0D0EA9AC1B62BFE20041A897 /* Plugin */ = {
			isa = PBXGroup;
			children = (
				0D0EA9B41B62C0FC0041A897 /* main.m */,
				0D0EA9AE1B62BFE20041A897 /* Info.plist */,
				0D189CAF1B6BE7470082B239 /* uninstall.sh */,
				0D189CB01B6BE7470082B239 /* update_authdb.py */,
			);
			name = Plugin;
			path = KeychainMinder;
			sourceTree = "<group>";
		};
		0D0EA9BA1B62C1380041A897 /* Frameworks */ = {
			isa = PBXGroup;
			children = (
				0D0EA9B81B62C12E0041A897 /* Security.framework */,
				0D0EA9B61B62C12B0041A897 /* Foundation.framework */,
			);
			name = Frameworks;
			sourceTree = "<group>";
		};
		0D0EA9C01B62D9AE0041A897 /* App */ = {
			isa = PBXGroup;
			children = (
				0D0EA9C31B62D9AE0041A897 /* AppDelegate.h */,
				0D0EA9C41B62D9AE0041A897 /* AppDelegate.m */,
				0D0EA9CA1B62D9AE0041A897 /* MainMenu.xib */,
				0D19C1571B6AB320000D5475 /* PasswordKnownView.h */,
				0D19C1581B6AB320000D5475 /* PasswordKnownView.m */,
				0D19C1591B6AB320000D5475 /* PasswordKnownView.xib */,
				0D19C15C1B6AB329000D5475 /* PasswordNotKnownView.h */,
				0D19C15D1B6AB329000D5475 /* PasswordNotKnownView.m */,
				0D19C15E1B6AB329000D5475 /* PasswordNotKnownView.xib */,
				0D80140C1B6C0074006B8540 /* PasswordViewController.h */,
				0D80140D1B6C0074006B8540 /* PasswordViewController.m */,
				0DD79FFA1B6AC5C900739089 /* Supporting Files */,
			);
			name = App;
			path = KeychainMinderGUI;
			sourceTree = "<group>";
		};
		0D0EA9E81B62DCFB0041A897 /* Common */ = {
			isa = PBXGroup;
			children = (
				0D0EA9E41B62DB0E0041A897 /* Common.h */,
				0D0EA9E51B62DB0E0041A897 /* Common.m */,
			);
			name = Common;
			sourceTree = "<group>";
		};
		0DD79FFA1B6AC5C900739089 /* Supporting Files */ = {
			isa = PBXGroup;
			children = (
				0D0EA9C61B62D9AE0041A897 /* main.m */,
				0D0EA9C21B62D9AE0041A897 /* Info.plist */,
				0D19C1531B6AB1A7000D5475 /* Keychain_Unlocked.png */,
				0D19C1511B6AB19E000D5475 /* Keychain_Locked.png */,
			);
			name = "Supporting Files";
			sourceTree = "<group>";
		};
/* End PBXGroup section */

/* Begin PBXNativeTarget section */
		0D0EA9A91B62BFE20041A897 /* KeychainMinder */ = {
			isa = PBXNativeTarget;
			buildConfigurationList = 0D0EA9B11B62BFE20041A897 /* Build configuration list for PBXNativeTarget "KeychainMinder" */;
			buildPhases = (
				0D0EA9A61B62BFE20041A897 /* Sources */,
				0D0EA9A71B62BFE20041A897 /* Frameworks */,
				0D0EA9E01B62D9CA0041A897 /* CopyFiles */,
			);
			buildRules = (
			);
			dependencies = (
				0D84C9D51B66E7B200A8F499 /* PBXTargetDependency */,
			);
			name = KeychainMinder;
			productName = KeychainMinder;
			productReference = 0D0EA9AA1B62BFE20041A897 /* KeychainMinder.bundle */;
			productType = "com.apple.product-type.bundle";
		};
		0D0EA9BE1B62D9AE0041A897 /* KeychainMinderGUI */ = {
			isa = PBXNativeTarget;
			buildConfigurationList = 0D0EA9D91B62D9AE0041A897 /* Build configuration list for PBXNativeTarget "KeychainMinderGUI" */;
			buildPhases = (
				0D0EA9BB1B62D9AE0041A897 /* Sources */,
				0D0EA9BC1B62D9AE0041A897 /* Frameworks */,
				0D0EA9BD1B62D9AE0041A897 /* Resources */,
			);
			buildRules = (
			);
			dependencies = (
			);
			name = KeychainMinderGUI;
			productName = KeychainMinderGUI;
			productReference = 0D0EA9BF1B62D9AE0041A897 /* KeychainMinderGUI.app */;
			productType = "com.apple.product-type.application";
		};
/* End PBXNativeTarget section */

/* Begin PBXProject section */
		0D0EA9A21B62BFE20041A897 /* Project object */ = {
			isa = PBXProject;
			attributes = {
				LastUpgradeCheck = 0610;
				ORGANIZATIONNAME = "Google Inc";
				TargetAttributes = {
					0D0EA9A91B62BFE20041A897 = {
						CreatedOnToolsVersion = 6.1.1;
					};
					0D0EA9BE1B62D9AE0041A897 = {
						CreatedOnToolsVersion = 6.1.1;
					};
				};
			};
			buildConfigurationList = 0D0EA9A51B62BFE20041A897 /* Build configuration list for PBXProject "KeychainMinder" */;
			compatibilityVersion = "Xcode 3.2";
			developmentRegion = English;
			hasScannedForEncodings = 0;
			knownRegions = (
				en,
				Base,
			);
			mainGroup = 0D0EA9A11B62BFE20041A897;
			productRefGroup = 0D0EA9AB1B62BFE20041A897 /* Products */;
			projectDirPath = "";
			projectRoot = "";
			targets = (
				0D0EA9A91B62BFE20041A897 /* KeychainMinder */,
				0D0EA9BE1B62D9AE0041A897 /* KeychainMinderGUI */,
			);
		};
/* End PBXProject section */

/* Begin PBXResourcesBuildPhase section */
		0D0EA9BD1B62D9AE0041A897 /* Resources */ = {
			isa = PBXResourcesBuildPhase;
			buildActionMask = 2147483647;
			files = (
				0D19C1541B6AB1A7000D5475 /* Keychain_Unlocked.png in Resources */,
				0D19C15B1B6AB320000D5475 /* PasswordKnownView.xib in Resources */,
				0D19C1521B6AB19E000D5475 /* Keychain_Locked.png in Resources */,
				0D19C1601B6AB329000D5475 /* PasswordNotKnownView.xib in Resources */,
				0D0EA9CC1B62D9AE0041A897 /* MainMenu.xib in Resources */,
			);
			runOnlyForDeploymentPostprocessing = 0;
		};
/* End PBXResourcesBuildPhase section */

/* Begin PBXSourcesBuildPhase section */
		0D0EA9A61B62BFE20041A897 /* Sources */ = {
			isa = PBXSourcesBuildPhase;
			buildActionMask = 2147483647;
			files = (
				0D0EA9E61B62DB0E0041A897 /* Common.m in Sources */,
				0D0EA9B51B62C0FC0041A897 /* main.m in Sources */,
			);
			runOnlyForDeploymentPostprocessing = 0;
		};
		0D0EA9BB1B62D9AE0041A897 /* Sources */ = {
			isa = PBXSourcesBuildPhase;
			buildActionMask = 2147483647;
			files = (
				0D0EA9E71B62DB0E0041A897 /* Common.m in Sources */,
				0D19C15A1B6AB320000D5475 /* PasswordKnownView.m in Sources */,
				0D19C15F1B6AB329000D5475 /* PasswordNotKnownView.m in Sources */,
				0D0EA9C71B62D9AE0041A897 /* main.m in Sources */,
				0D0EA9C51B62D9AE0041A897 /* AppDelegate.m in Sources */,
				0D80140E1B6C0074006B8540 /* PasswordViewController.m in Sources */,
			);
			runOnlyForDeploymentPostprocessing = 0;
		};
/* End PBXSourcesBuildPhase section */

/* Begin PBXTargetDependency section */
		0D84C9D51B66E7B200A8F499 /* PBXTargetDependency */ = {
			isa = PBXTargetDependency;
			target = 0D0EA9BE1B62D9AE0041A897 /* KeychainMinderGUI */;
			targetProxy = 0D84C9D41B66E7B200A8F499 /* PBXContainerItemProxy */;
		};
/* End PBXTargetDependency section */

/* Begin PBXVariantGroup section */
		0D0EA9CA1B62D9AE0041A897 /* MainMenu.xib */ = {
			isa = PBXVariantGroup;
			children = (
				0D0EA9CB1B62D9AE0041A897 /* Base */,
			);
			name = MainMenu.xib;
			sourceTree = "<group>";
		};
/* End PBXVariantGroup section */

/* Begin XCBuildConfiguration section */
		0D0EA9AF1B62BFE20041A897 /* Debug */ = {
			isa = XCBuildConfiguration;
			buildSettings = {
				ALWAYS_SEARCH_USER_PATHS = NO;
				CLANG_CXX_LANGUAGE_STANDARD = "gnu++0x";
				CLANG_CXX_LIBRARY = "libc++";
				CLANG_ENABLE_MODULES = YES;
				CLANG_ENABLE_OBJC_ARC = YES;
				CLANG_WARN_BOOL_CONVERSION = YES;
				CLANG_WARN_CONSTANT_CONVERSION = YES;
				CLANG_WARN_DIRECT_OBJC_ISA_USAGE = YES_ERROR;
				CLANG_WARN_EMPTY_BODY = YES;
				CLANG_WARN_ENUM_CONVERSION = YES;
				CLANG_WARN_INT_CONVERSION = YES;
				CLANG_WARN_OBJC_ROOT_CLASS = YES_ERROR;
				CLANG_WARN_UNREACHABLE_CODE = YES;
				CLANG_WARN__DUPLICATE_METHOD_MATCH = YES;
				COPY_PHASE_STRIP = NO;
				ENABLE_STRICT_OBJC_MSGSEND = YES;
				GCC_C_LANGUAGE_STANDARD = gnu99;
				GCC_DYNAMIC_NO_PIC = NO;
				GCC_OPTIMIZATION_LEVEL = 0;
				GCC_PREPROCESSOR_DEFINITIONS = (
					"DEBUG=1",
					"$(inherited)",
				);
				GCC_SYMBOLS_PRIVATE_EXTERN = NO;
				GCC_WARN_64_TO_32_BIT_CONVERSION = YES;
				GCC_WARN_ABOUT_RETURN_TYPE = YES_ERROR;
				GCC_WARN_UNDECLARED_SELECTOR = YES;
				GCC_WARN_UNINITIALIZED_AUTOS = YES_AGGRESSIVE;
				GCC_WARN_UNUSED_FUNCTION = YES;
				GCC_WARN_UNUSED_VARIABLE = YES;
				MACOSX_DEPLOYMENT_TARGET = 10.10;
				MTL_ENABLE_DEBUG_INFO = YES;
				ONLY_ACTIVE_ARCH = YES;
				SDKROOT = macosx;
			};
			name = Debug;
		};
		0D0EA9B01B62BFE20041A897 /* Release */ = {
			isa = XCBuildConfiguration;
			buildSettings = {
				ALWAYS_SEARCH_USER_PATHS = NO;
				CLANG_CXX_LANGUAGE_STANDARD = "gnu++0x";
				CLANG_CXX_LIBRARY = "libc++";
				CLANG_ENABLE_MODULES = YES;
				CLANG_ENABLE_OBJC_ARC = YES;
				CLANG_WARN_BOOL_CONVERSION = YES;
				CLANG_WARN_CONSTANT_CONVERSION = YES;
				CLANG_WARN_DIRECT_OBJC_ISA_USAGE = YES_ERROR;
				CLANG_WARN_EMPTY_BODY = YES;
				CLANG_WARN_ENUM_CONVERSION = YES;
				CLANG_WARN_INT_CONVERSION = YES;
				CLANG_WARN_OBJC_ROOT_CLASS = YES_ERROR;
				CLANG_WARN_UNREACHABLE_CODE = YES;
				CLANG_WARN__DUPLICATE_METHOD_MATCH = YES;
				COPY_PHASE_STRIP = YES;
				DEBUG_INFORMATION_FORMAT = "dwarf-with-dsym";
				ENABLE_NS_ASSERTIONS = NO;
				ENABLE_STRICT_OBJC_MSGSEND = YES;
				GCC_C_LANGUAGE_STANDARD = gnu99;
				GCC_WARN_64_TO_32_BIT_CONVERSION = YES;
				GCC_WARN_ABOUT_RETURN_TYPE = YES_ERROR;
				GCC_WARN_UNDECLARED_SELECTOR = YES;
				GCC_WARN_UNINITIALIZED_AUTOS = YES_AGGRESSIVE;
				GCC_WARN_UNUSED_FUNCTION = YES;
				GCC_WARN_UNUSED_VARIABLE = YES;
				MACOSX_DEPLOYMENT_TARGET = 10.10;
				MTL_ENABLE_DEBUG_INFO = NO;
				SDKROOT = macosx;
			};
			name = Release;
		};
		0D0EA9B21B62BFE20041A897 /* Debug */ = {
			isa = XCBuildConfiguration;
			buildSettings = {
				COMBINE_HIDPI_IMAGES = YES;
				INFOPLIST_FILE = KeychainMinder/Info.plist;
				INSTALL_PATH = "$(LOCAL_LIBRARY_DIR)/Security/SecurityAgentPlugins";
				PRODUCT_NAME = "$(TARGET_NAME)";
				SKIP_INSTALL = YES;
				WRAPPER_EXTENSION = bundle;
			};
			name = Debug;
		};
		0D0EA9B31B62BFE20041A897 /* Release */ = {
			isa = XCBuildConfiguration;
			buildSettings = {
				COMBINE_HIDPI_IMAGES = YES;
				INFOPLIST_FILE = KeychainMinder/Info.plist;
				INSTALL_PATH = "$(LOCAL_LIBRARY_DIR)/Security/SecurityAgentPlugins";
				PRODUCT_NAME = "$(TARGET_NAME)";
				SKIP_INSTALL = YES;
				WRAPPER_EXTENSION = bundle;
			};
			name = Release;
		};
		0D0EA9DA1B62D9AE0041A897 /* Debug */ = {
			isa = XCBuildConfiguration;
			buildSettings = {
				ASSETCATALOG_COMPILER_APPICON_NAME = AppIcon;
				CODE_SIGN_IDENTITY = "-";
				COMBINE_HIDPI_IMAGES = YES;
				GCC_PREPROCESSOR_DEFINITIONS = (
					"DEBUG=1",
					"$(inherited)",
				);
				INFOPLIST_FILE = KeychainMinderGUI/Info.plist;
				LD_RUNPATH_SEARCH_PATHS = "$(inherited) @executable_path/../Frameworks";
				PRODUCT_NAME = "$(TARGET_NAME)";
			};
			name = Debug;
		};
		0D0EA9DB1B62D9AE0041A897 /* Release */ = {
			isa = XCBuildConfiguration;
			buildSettings = {
				ASSETCATALOG_COMPILER_APPICON_NAME = AppIcon;
				CODE_SIGN_IDENTITY = "-";
				COMBINE_HIDPI_IMAGES = YES;
				INFOPLIST_FILE = KeychainMinderGUI/Info.plist;
				LD_RUNPATH_SEARCH_PATHS = "$(inherited) @executable_path/../Frameworks";
				PRODUCT_NAME = "$(TARGET_NAME)";
			};
			name = Release;
		};
/* End XCBuildConfiguration section */

/* Begin XCConfigurationList section */
		0D0EA9A51B62BFE20041A897 /* Build configuration list for PBXProject "KeychainMinder" */ = {
			isa = XCConfigurationList;
			buildConfigurations = (
				0D0EA9AF1B62BFE20041A897 /* Debug */,
				0D0EA9B01B62BFE20041A897 /* Release */,
			);
			defaultConfigurationIsVisible = 0;
			defaultConfigurationName = Release;
		};
		0D0EA9B11B62BFE20041A897 /* Build configuration list for PBXNativeTarget "KeychainMinder" */ = {
			isa = XCConfigurationList;
			buildConfigurations = (
				0D0EA9B21B62BFE20041A897 /* Debug */,
				0D0EA9B31B62BFE20041A897 /* Release */,
			);
			defaultConfigurationIsVisible = 0;
			defaultConfigurationName = Release;
		};
		0D0EA9D91B62D9AE0041A897 /* Build configuration list for PBXNativeTarget "KeychainMinderGUI" */ = {
			isa = XCConfigurationList;
			buildConfigurations = (
				0D0EA9DA1B62D9AE0041A897 /* Debug */,
				0D0EA9DB1B62D9AE0041A897 /* Release */,
			);
			defaultConfigurationIsVisible = 0;
			defaultConfigurationName = Release;
		};
/* End XCConfigurationList section */
	};
	rootObject = 0D0EA9A21B62BFE20041A897 /* Project object */;
}
